<?xml version="1.0" encoding="UTF-8" standalone="yes" ?>
<CodeBlocks_project_file>
	<FileVersion major="1" minor="6" />
	<Project>
		<Option title="Othello" />
		<Option pch_mode="2" />
		<Option compiler="gcc" />
		<Build>
			<Target title="Debug">
				<Option output="build/cb-debug/othello" prefix_auto="1" extension_auto="1" />
				<Option object_output="build/cb-debug/" />
				<Option type="1" />
				<Option compiler="gcc" />
				<Compiler>
					<Add option="-Wall" />
					<Add option="-Wextra" />
					<Add option="-g" />
					<Add option="-std=c++11" />
				</Compiler>
			</Target>
			<Target title="Release">
				<Option output="build/cb-release/othello" prefix_auto="1" extension_auto="1" />
				<Option object_output="build/cb-release/" />
				<Option type="1" />
				<Option compiler="gcc" />
				<Compiler>
					<Add option="-O2" />
				</Compiler>
				<Linker>
					<Add option="-s" />
				</Linker>
			</Target>
		</Build>
		<Unit filename="src/alphabetaia.cpp" />
		<Unit filename="src/alphabetaia.h" />
		<Unit filename="src/console.cpp" />
		<Unit filename="src/console.h" />
		<Unit filename="src/etat.cpp" />
		<Unit filename="src/etat.h" />
		<Unit filename="src/ia.cpp" />
		<Unit filename="src/ia.h" />
		<Unit filename="src/macros.h" />
		<Unit filename="src/main.cpp" />
		<Unit filename="src/minmaxia.cpp" />
		<Unit filename="src/minmaxia.h" />
		<Unit filename="src/negamaxia.cpp" />
		<Unit filename="src/negamaxia.h" />
		<Unit filename="src/noeud.h" />
		<Unit filename="src/pion.h" />
		<Unit filename="src/plateau.cpp" />
		<Unit filename="src/plateau.h" />
		<Unit filename="src/randomia.cpp" />
		<Unit filename="src/randomia.h" />
		<Extensions>
			<code_completion />
			<envvars />
			<debugger />
			<lib_finder disable_auto="1" />
		</Extensions>
	</Project>
</CodeBlocks_project_file>
